
Microsoft Visual Studio Solution File, Format Version 12.00
# Visual Studio 15
VisualStudioVersion = 15.0.26124.0
MinimumVisualStudioVersion = 15.0.26124.0
Project("{FAE04EC0-301F-11D3-BF4B-00C04F79EFBC}") = "Domain", "Domain\Domain.csproj", "{C14D9B31-CF52-4051-AAF1-2CAEAEF84CC2}"
EndProject
Project("{FAE04EC0-301F-11D3-BF4B-00C04F79EFBC}") = "Application", "Application\Application.csproj", "{4CCEA2EA-BBCF-47EA-B476-E5107639EB14}"
EndProject
Project("{FAE04EC0-301F-11D3-BF4B-00C04F79EFBC}") = "Persistence", "Persistence\Persistence.csproj", "{5D17CA6D-A1B3-4BAB-B24F-D850772C9F1D}"
EndProject
Project("{FAE04EC0-301F-11D3-BF4B-00C04F79EFBC}") = "API", "API\API.csproj", "{7D33A59D-12C6-4F56-B068-8A99826B548E}"
EndProject
Global
	GlobalSection(SolutionConfigurationPlatforms) = preSolution
		Debug|Any CPU = Debug|Any CPU
		Debug|x64 = Debug|x64
		Debug|x86 = Debug|x86
		Release|Any CPU = Release|Any CPU
		Release|x64 = Release|x64
		Release|x86 = Release|x86
	EndGlobalSection
	GlobalSection(SolutionProperties) = preSolution
		HideSolutionNode = FALSE
	EndGlobalSection
	GlobalSection(ProjectConfigurationPlatforms) = postSolution
		{C14D9B31-CF52-4051-AAF1-2CAEAEF84CC2}.Debug|Any CPU.ActiveCfg = Debug|Any CPU
		{C14D9B31-CF52-4051-AAF1-2CAEAEF84CC2}.Debug|Any CPU.Build.0 = Debug|Any CPU
		{C14D9B31-CF52-4051-AAF1-2CAEAEF84CC2}.Debug|x64.ActiveCfg = Debug|Any CPU
		{C14D9B31-CF52-4051-AAF1-2CAEAEF84CC2}.Debug|x64.Build.0 = Debug|Any CPU
		{C14D9B31-CF52-4051-AAF1-2CAEAEF84CC2}.Debug|x86.ActiveCfg = Debug|Any CPU
		{C14D9B31-CF52-4051-AAF1-2CAEAEF84CC2}.Debug|x86.Build.0 = Debug|Any CPU
		{C14D9B31-CF52-4051-AAF1-2CAEAEF84CC2}.Release|Any CPU.ActiveCfg = Release|Any CPU
		{C14D9B31-CF52-4051-AAF1-2CAEAEF84CC2}.Release|Any CPU.Build.0 = Release|Any CPU
		{C14D9B31-CF52-4051-AAF1-2CAEAEF84CC2}.Release|x64.ActiveCfg = Release|Any CPU
		{C14D9B31-CF52-4051-AAF1-2CAEAEF84CC2}.Release|x64.Build.0 = Release|Any CPU
		{C14D9B31-CF52-4051-AAF1-2CAEAEF84CC2}.Release|x86.ActiveCfg = Release|Any CPU
		{C14D9B31-CF52-4051-AAF1-2CAEAEF84CC2}.Release|x86.Build.0 = Release|Any CPU
		{4CCEA2EA-BBCF-47EA-B476-E5107639EB14}.Debug|Any CPU.ActiveCfg = Debug|Any CPU
		{4CCEA2EA-BBCF-47EA-B476-E5107639EB14}.Debug|Any CPU.Build.0 = Debug|Any CPU
		{4CCEA2EA-BBCF-47EA-B476-E5107639EB14}.Debug|x64.ActiveCfg = Debug|Any CPU
		{4CCEA2EA-BBCF-47EA-B476-E5107639EB14}.Debug|x64.Build.0 = Debug|Any CPU
		{4CCEA2EA-BBCF-47EA-B476-E5107639EB14}.Debug|x86.ActiveCfg = Debug|Any CPU
		{4CCEA2EA-BBCF-47EA-B476-E5107639EB14}.Debug|x86.Build.0 = Debug|Any CPU
		{4CCEA2EA-BBCF-47EA-B476-E5107639EB14}.Release|Any CPU.ActiveCfg = Release|Any CPU
		{4CCEA2EA-BBCF-47EA-B476-E5107639EB14}.Release|Any CPU.Build.0 = Release|Any CPU
		{4CCEA2EA-BBCF-47EA-B476-E5107639EB14}.Release|x64.ActiveCfg = Release|Any CPU
		{4CCEA2EA-BBCF-47EA-B476-E5107639EB14}.Release|x64.Build.0 = Release|Any CPU
		{4CCEA2EA-BBCF-47EA-B476-E5107639EB14}.Release|x86.ActiveCfg = Release|Any CPU
		{4CCEA2EA-BBCF-47EA-B476-E5107639EB14}.Release|x86.Build.0 = Release|Any CPU
		{5D17CA6D-A1B3-4BAB-B24F-D850772C9F1D}.Debug|Any CPU.ActiveCfg = Debug|Any CPU
		{5D17CA6D-A1B3-4BAB-B24F-D850772C9F1D}.Debug|Any CPU.Build.0 = Debug|Any CPU
		{5D17CA6D-A1B3-4BAB-B24F-D850772C9F1D}.Debug|x64.ActiveCfg = Debug|Any CPU
		{5D17CA6D-A1B3-4BAB-B24F-D850772C9F1D}.Debug|x64.Build.0 = Debug|Any CPU
		{5D17CA6D-A1B3-4BAB-B24F-D850772C9F1D}.Debug|x86.ActiveCfg = Debug|Any CPU
		{5D17CA6D-A1B3-4BAB-B24F-D850772C9F1D}.Debug|x86.Build.0 = Debug|Any CPU
		{5D17CA6D-A1B3-4BAB-B24F-D850772C9F1D}.Release|Any CPU.ActiveCfg = Release|Any CPU
		{5D17CA6D-A1B3-4BAB-B24F-D850772C9F1D}.Release|Any CPU.Build.0 = Release|Any CPU
		{5D17CA6D-A1B3-4BAB-B24F-D850772C9F1D}.Release|x64.ActiveCfg = Release|Any CPU
		{5D17CA6D-A1B3-4BAB-B24F-D850772C9F1D}.Release|x64.Build.0 = Release|Any CPU
		{5D17CA6D-A1B3-4BAB-B24F-D850772C9F1D}.Release|x86.ActiveCfg = Release|Any CPU
		{5D17CA6D-A1B3-4BAB-B24F-D850772C9F1D}.Release|x86.Build.0 = Release|Any CPU
		{7D33A59D-12C6-4F56-B068-8A99826B548E}.Debug|Any CPU.ActiveCfg = Debug|Any CPU
		{7D33A59D-12C6-4F56-B068-8A99826B548E}.Debug|Any CPU.Build.0 = Debug|Any CPU
		{7D33A59D-12C6-4F56-B068-8A99826B548E}.Debug|x64.ActiveCfg = Debug|Any CPU
		{7D33A59D-12C6-4F56-B068-8A99826B548E}.Debug|x64.Build.0 = Debug|Any CPU
		{7D33A59D-12C6-4F56-B068-8A99826B548E}.Debug|x86.ActiveCfg = Debug|Any CPU
		{7D33A59D-12C6-4F56-B068-8A99826B548E}.Debug|x86.Build.0 = Debug|Any CPU
		{7D33A59D-12C6-4F56-B068-8A99826B548E}.Release|Any CPU.ActiveCfg = Release|Any CPU
		{7D33A59D-12C6-4F56-B068-8A99826B548E}.Release|Any CPU.Build.0 = Release|Any CPU
		{7D33A59D-12C6-4F56-B068-8A99826B548E}.Release|x64.ActiveCfg = Release|Any CPU
		{7D33A59D-12C6-4F56-B068-8A99826B548E}.Release|x64.Build.0 = Release|Any CPU
		{7D33A59D-12C6-4F56-B068-8A99826B548E}.Release|x86.ActiveCfg = Release|Any CPU
		{7D33A59D-12C6-4F56-B068-8A99826B548E}.Release|x86.Build.0 = Release|Any CPU
	EndGlobalSection
EndGlobal
